
Microsoft Visual Studio Solution File, Format Version 12.00
# Visual Studio Version 17
VisualStudioVersion = 17.13.35825.156 d17.13
MinimumVisualStudioVersion = 10.0.40219.1
Project("{FAE04EC0-301F-11D3-BF4B-00C04F79EFBC}") = "SoftyPinko", "SoftyPinko\SoftyPinko.csproj", "{18008667-5C1D-4E92-B3BD-DE59BDC8AF73}"
EndProject
Global
	GlobalSection(SolutionConfigurationPlatforms) = preSolution
		Debug|Any CPU = Debug|Any CPU
		Release|Any CPU = Release|Any CPU
	EndGlobalSection
	GlobalSection(ProjectConfigurationPlatforms) = postSolution
		{18008667-5C1D-4E92-B3BD-DE59BDC8AF73}.Debug|Any CPU.ActiveCfg = Debug|Any CPU
		{18008667-5C1D-4E92-B3BD-DE59BDC8AF73}.Debug|Any CPU.Build.0 = Debug|Any CPU
		{18008667-5C1D-4E92-B3BD-DE59BDC8AF73}.Release|Any CPU.ActiveCfg = Release|Any CPU
		{18008667-5C1D-4E92-B3BD-DE59BDC8AF73}.Release|Any CPU.Build.0 = Release|Any CPU
	EndGlobalSection
	GlobalSection(SolutionProperties) = preSolution
		HideSolutionNode = FALSE
	EndGlobalSection
	GlobalSection(ExtensibilityGlobals) = postSolution
		SolutionGuid = {56B5BD04-F935-4B4C-A62A-093C30212269}
	EndGlobalSection
EndGlobal
